
Microsoft Visual Studio Solution File, Format Version 12.00
# Visual Studio Version 17
VisualStudioVersion = 17.9.34701.34
MinimumVisualStudioVersion = 10.0.40219.1
Project("{FAE04EC0-301F-11D3-BF4B-00C04F79EFBC}") = "GraTrojmiejska.API", "GraTrojmiejska.API\GraTrojmiejska.API.csproj", "{47249226-4579-4A53-BBC5-4C3805929BCD}"
EndProject
Global
	GlobalSection(SolutionConfigurationPlatforms) = preSolution
		Debug|Any CPU = Debug|Any CPU
		Release|Any CPU = Release|Any CPU
	EndGlobalSection
	GlobalSection(ProjectConfigurationPlatforms) = postSolution
		{47249226-4579-4A53-BBC5-4C3805929BCD}.Debug|Any CPU.ActiveCfg = Debug|Any CPU
		{47249226-4579-4A53-BBC5-4C3805929BCD}.Debug|Any CPU.Build.0 = Debug|Any CPU
		{47249226-4579-4A53-BBC5-4C3805929BCD}.Release|Any CPU.ActiveCfg = Release|Any CPU
		{47249226-4579-4A53-BBC5-4C3805929BCD}.Release|Any CPU.Build.0 = Release|Any CPU
	EndGlobalSection
	GlobalSection(SolutionProperties) = preSolution
		HideSolutionNode = FALSE
	EndGlobalSection
	GlobalSection(ExtensibilityGlobals) = postSolution
		SolutionGuid = {B3B8CAA5-171F-4413-9ADB-C5910B4D0ED0}
	EndGlobalSection
EndGlobal
